Microsoft Visual Studio Solution File, Format Version 12.00
# Visual Studio Version 17
VisualStudioVersion = 17.5.2.0
MinimumVisualStudioVersion = 10.0.40219.1
Project("{FAE04EC0-301F-11D3-BF4B-00C04F79EFBC}") = "KttvKvtnWeb", "KttvKvtnWeb.csproj", "{AA765E19-239F-CC5D-EA53-13C3B8AEC32E}"
EndProject
Global
	GlobalSection(SolutionConfigurationPlatforms) = preSolution
		Debug|Any CPU = Debug|Any CPU
		Release|Any CPU = Release|Any CPU
	EndGlobalSection
	GlobalSection(ProjectConfigurationPlatforms) = postSolution
		{AA765E19-239F-CC5D-EA53-13C3B8AEC32E}.Debug|Any CPU.ActiveCfg = Debug|Any CPU
		{AA765E19-239F-CC5D-EA53-13C3B8AEC32E}.Debug|Any CPU.Build.0 = Debug|Any CPU
		{AA765E19-239F-CC5D-EA53-13C3B8AEC32E}.Release|Any CPU.ActiveCfg = Release|Any CPU
		{AA765E19-239F-CC5D-EA53-13C3B8AEC32E}.Release|Any CPU.Build.0 = Release|Any CPU
	EndGlobalSection
	GlobalSection(SolutionProperties) = preSolution
		HideSolutionNode = FALSE
	EndGlobalSection
	GlobalSection(ExtensibilityGlobals) = postSolution
		SolutionGuid = {96496262-4822-4E65-8ED0-0FE75FE29D82}
	EndGlobalSection
EndGlobal
